
Microsoft Visual Studio Solution File, Format Version 12.00
# Visual Studio Version 17
VisualStudioVersion = 17.3.32819.101
MinimumVisualStudioVersion = 10.0.40219.1
Project("{FAE04EC0-301F-11D3-BF4B-00C04F79EFBC}") = "GitHub 27.09.22", "GitHub 27.09.22\GitHub 27.09.22.csproj", "{71E50338-55AF-4C3A-971A-24F733BCD920}"
EndProject
Global
	GlobalSection(SolutionConfigurationPlatforms) = preSolution
		Debug|Any CPU = Debug|Any CPU
		Release|Any CPU = Release|Any CPU
	EndGlobalSection
	GlobalSection(ProjectConfigurationPlatforms) = postSolution
		{71E50338-55AF-4C3A-971A-24F733BCD920}.Debug|Any CPU.ActiveCfg = Debug|Any CPU
		{71E50338-55AF-4C3A-971A-24F733BCD920}.Debug|Any CPU.Build.0 = Debug|Any CPU
		{71E50338-55AF-4C3A-971A-24F733BCD920}.Release|Any CPU.ActiveCfg = Release|Any CPU
		{71E50338-55AF-4C3A-971A-24F733BCD920}.Release|Any CPU.Build.0 = Release|Any CPU
	EndGlobalSection
	GlobalSection(SolutionProperties) = preSolution
		HideSolutionNode = FALSE
	EndGlobalSection
	GlobalSection(ExtensibilityGlobals) = postSolution
		SolutionGuid = {DDF0B3F1-D112-4EAA-87CC-8CDF74C9D534}
	EndGlobalSection
EndGlobal
